// !$*UTF8*$!
{
	archiveVersion = 1;
	classes = {
	};
	objectVersion = 50;
	objects = {

/* Begin PBXBuildFile section */
		CD7C284726BCA09A0073AED0 /* AppDelegate.swift in Sources */ = {isa = PBXBuildFile; fileRef = CD7C284626BCA09A0073AED0 /* AppDelegate.swift */; };
		CD7C284926BCA09A0073AED0 /* SceneDelegate.swift in Sources */ = {isa = PBXBuildFile; fileRef = CD7C284826BCA09A0073AED0 /* SceneDelegate.swift */; };
		CD7C284E26BCA09A0073AED0 /* Main.storyboard in Resources */ = {isa = PBXBuildFile; fileRef = CD7C284C26BCA09A0073AED0 /* Main.storyboard */; };
		CD7C285026BCA09B0073AED0 /* Assets.xcassets in Resources */ = {isa = PBXBuildFile; fileRef = CD7C284F26BCA09B0073AED0 /* Assets.xcassets */; };
		CD7C285326BCA09B0073AED0 /* LaunchScreen.storyboard in Resources */ = {isa = PBXBuildFile; fileRef = CD7C285126BCA09B0073AED0 /* LaunchScreen.storyboard */; };
		CD7C285D26BCA4960073AED0 /* CalendarViewController.swift in Sources */ = {isa = PBXBuildFile; fileRef = CD7C285C26BCA4960073AED0 /* CalendarViewController.swift */; };
		CD7C285F26BCA4A60073AED0 /* SuggestionsViewController.swift in Sources */ = {isa = PBXBuildFile; fileRef = CD7C285E26BCA4A60073AED0 /* SuggestionsViewController.swift */; };
		CD7C286526BCBBAE0073AED0 /* HubViewController.swift in Sources */ = {isa = PBXBuildFile; fileRef = CD7C286426BCBBAE0073AED0 /* HubViewController.swift */; };
		CD7C286726BCBC5B0073AED0 /* ClassViewController.swift in Sources */ = {isa = PBXBuildFile; fileRef = CD7C286626BCBC5B0073AED0 /* ClassViewController.swift */; };
/* End PBXBuildFile section */

/* Begin PBXFileReference section */
		CD7C284326BCA09A0073AED0 /* ClassOf2023.app */ = {isa = PBXFileReference; explicitFileType = wrapper.application; includeInIndex = 0; path = ClassOf2023.app; sourceTree = BUILT_PRODUCTS_DIR; };
		CD7C284626BCA09A0073AED0 /* AppDelegate.swift */ = {isa = PBXFileReference; lastKnownFileType = sourcecode.swift; path = AppDelegate.swift; sourceTree = "<group>"; };
		CD7C284826BCA09A0073AED0 /* SceneDelegate.swift */ = {isa = PBXFileReference; lastKnownFileType = sourcecode.swift; path = SceneDelegate.swift; sourceTree = "<group>"; };
		CD7C284D26BCA09A0073AED0 /* Base */ = {isa = PBXFileReference; lastKnownFileType = file.storyboard; name = Base; path = Base.lproj/Main.storyboard; sourceTree = "<group>"; };
		CD7C284F26BCA09B0073AED0 /* Assets.xcassets */ = {isa = PBXFileReference; lastKnownFileType = folder.assetcatalog; path = Assets.xcassets; sourceTree = "<group>"; };
		CD7C285226BCA09B0073AED0 /* Base */ = {isa = PBXFileReference; lastKnownFileType = file.storyboard; name = Base; path = Base.lproj/LaunchScreen.storyboard; sourceTree = "<group>"; };
		CD7C285426BCA09B0073AED0 /* Info.plist */ = {isa = PBXFileReference; lastKnownFileType = text.plist.xml; path = Info.plist; sourceTree = "<group>"; };
		CD7C285C26BCA4960073AED0 /* CalendarViewController.swift */ = {isa = PBXFileReference; lastKnownFileType = sourcecode.swift; path = CalendarViewController.swift; sourceTree = "<group>"; };
		CD7C285E26BCA4A60073AED0 /* SuggestionsViewController.swift */ = {isa = PBXFileReference; lastKnownFileType = sourcecode.swift; path = SuggestionsViewController.swift; sourceTree = "<group>"; };
		CD7C286426BCBBAE0073AED0 /* HubViewController.swift */ = {isa = PBXFileReference; lastKnownFileType = sourcecode.swift; path = HubViewController.swift; sourceTree = "<group>"; };
		CD7C286626BCBC5B0073AED0 /* ClassViewController.swift */ = {isa = PBXFileReference; lastKnownFileType = sourcecode.swift; path = ClassViewController.swift; sourceTree = "<group>"; };
/* End PBXFileReference section */

/* Begin PBXFrameworksBuildPhase section */
		CD7C284026BCA09A0073AED0 /* Frameworks */ = {
			isa = PBXFrameworksBuildPhase;
			buildActionMask = 2147483647;
			files = (
			);
			runOnlyForDeploymentPostprocessing = 0;
		};
/* End PBXFrameworksBuildPhase section */

/* Begin PBXGroup section */
		CD7C283A26BCA09A0073AED0 = {
			isa = PBXGroup;
			children = (
				CD7C284526BCA09A0073AED0 /* ClassOf2023 */,
				CD7C284426BCA09A0073AED0 /* Products */,
			);
			sourceTree = "<group>";
		};
		CD7C284426BCA09A0073AED0 /* Products */ = {
			isa = PBXGroup;
			children = (
				CD7C284326BCA09A0073AED0 /* ClassOf2023.app */,
			);
			name = Products;
			sourceTree = "<group>";
		};
		CD7C284526BCA09A0073AED0 /* ClassOf2023 */ = {
			isa = PBXGroup;
			children = (
				CD7C284626BCA09A0073AED0 /* AppDelegate.swift */,
				CD7C284826BCA09A0073AED0 /* SceneDelegate.swift */,
				CD7C286626BCBC5B0073AED0 /* ClassViewController.swift */,
				CD7C286426BCBBAE0073AED0 /* HubViewController.swift */,
				CD7C285C26BCA4960073AED0 /* CalendarViewController.swift */,
				CD7C285E26BCA4A60073AED0 /* SuggestionsViewController.swift */,
				CD7C284C26BCA09A0073AED0 /* Main.storyboard */,
				CD7C284F26BCA09B0073AED0 /* Assets.xcassets */,
				CD7C285126BCA09B0073AED0 /* LaunchScreen.storyboard */,
				CD7C285426BCA09B0073AED0 /* Info.plist */,
			);
			path = ClassOf2023;
			sourceTree = "<group>";
		};
/* End PBXGroup section */

/* Begin PBXNativeTarget section */
		CD7C284226BCA09A0073AED0 /* ClassOf2023 */ = {
			isa = PBXNativeTarget;
			buildConfigurationList = CD7C285726BCA09B0073AED0 /* Build configuration list for PBXNativeTarget "ClassOf2023" */;
			buildPhases = (
				CD7C283F26BCA09A0073AED0 /* Sources */,
				CD7C284026BCA09A0073AED0 /* Frameworks */,
				CD7C284126BCA09A0073AED0 /* Resources */,
			);
			buildRules = (
			);
			dependencies = (
			);
			name = ClassOf2023;
			productName = ClassOf2023;
			productReference = CD7C284326BCA09A0073AED0 /* ClassOf2023.app */;
			productType = "com.apple.product-type.application";
		};
/* End PBXNativeTarget section */

/* Begin PBXProject section */
		CD7C283B26BCA09A0073AED0 /* Project object */ = {
			isa = PBXProject;
			attributes = {
				LastSwiftUpdateCheck = 1250;
				LastUpgradeCheck = 1250;
				TargetAttributes = {
					CD7C284226BCA09A0073AED0 = {
						CreatedOnToolsVersion = 12.5.1;
					};
				};
			};
			buildConfigurationList = CD7C283E26BCA09A0073AED0 /* Build configuration list for PBXProject "ClassOf2023" */;
			compatibilityVersion = "Xcode 9.3";
			developmentRegion = en;
			hasScannedForEncodings = 0;
			knownRegions = (
				en,
				Base,
			);
			mainGroup = CD7C283A26BCA09A0073AED0;
			productRefGroup = CD7C284426BCA09A0073AED0 /* Products */;
			projectDirPath = "";
			projectRoot = "";
			targets = (
				CD7C284226BCA09A0073AED0 /* ClassOf2023 */,
			);
		};
/* End PBXProject section */

/* Begin PBXResourcesBuildPhase section */
		CD7C284126BCA09A0073AED0 /* Resources */ = {
			isa = PBXResourcesBuildPhase;
			buildActionMask = 2147483647;
			files = (
				CD7C285326BCA09B0073AED0 /* LaunchScreen.storyboard in Resources */,
				CD7C285026BCA09B0073AED0 /* Assets.xcassets in Resources */,
				CD7C284E26BCA09A0073AED0 /* Main.storyboard in Resources */,
			);
			runOnlyForDeploymentPostprocessing = 0;
		};
/* End PBXResourcesBuildPhase section */

/* Begin PBXSourcesBuildPhase section */
		CD7C283F26BCA09A0073AED0 /* Sources */ = {
			isa = PBXSourcesBuildPhase;
			buildActionMask = 2147483647;
			files = (
				CD7C286526BCBBAE0073AED0 /* HubViewController.swift in Sources */,
				CD7C285D26BCA4960073AED0 /* CalendarViewController.swift in Sources */,
				CD7C285F26BCA4A60073AED0 /* SuggestionsViewController.swift in Sources */,
				CD7C286726BCBC5B0073AED0 /* ClassViewController.swift in Sources */,
				CD7C284726BCA09A0073AED0 /* AppDelegate.swift in Sources */,
				CD7C284926BCA09A0073AED0 /* SceneDelegate.swift in Sources */,
			);
			runOnlyForDeploymentPostprocessing = 0;
		};
/* End PBXSourcesBuildPhase section */

/* Begin PBXVariantGroup section */
		CD7C284C26BCA09A0073AED0 /* Main.storyboard */ = {
			isa = PBXVariantGroup;
			children = (
				CD7C284D26BCA09A0073AED0 /* Base */,
			);
			name = Main.storyboard;
			sourceTree = "<group>";
		};
		CD7C285126BCA09B0073AED0 /* LaunchScreen.storyboard */ = {
			isa = PBXVariantGroup;
			children = (
				CD7C285226BCA09B0073AED0 /* Base */,
			);
			name = LaunchScreen.storyboard;
			sourceTree = "<group>";
		};
/* End PBXVariantGroup section */

/* Begin XCBuildConfiguration section */
		CD7C285526BCA09B0073AED0 /* Debug */ = {
			isa = XCBuildConfiguration;
			buildSettings = {
				ALWAYS_SEARCH_USER_PATHS = NO;
				CLANG_ANALYZER_NONNULL = YES;
				CLANG_ANALYZER_NUMBER_OBJECT_CONVERSION = YES_AGGRESSIVE;
				CLANG_CXX_LANGUAGE_STANDARD = "gnu++14";
				CLANG_CXX_LIBRARY = "libc++";
				CLANG_ENABLE_MODULES = YES;
				CLANG_ENABLE_OBJC_ARC = YES;
				CLANG_ENABLE_OBJC_WEAK = YES;
				CLANG_WARN_BLOCK_CAPTURE_AUTORELEASING = YES;
				CLANG_WARN_BOOL_CONVERSION = YES;
				CLANG_WARN_COMMA = YES;
				CLANG_WARN_CONSTANT_CONVERSION = YES;
				CLANG_WARN_DEPRECATED_OBJC_IMPLEMENTATIONS = YES;
				CLANG_WARN_DIRECT_OBJC_ISA_USAGE = YES_ERROR;
				CLANG_WARN_DOCUMENTATION_COMMENTS = YES;
				CLANG_WARN_EMPTY_BODY = YES;
				CLANG_WARN_ENUM_CONVERSION = YES;
				CLANG_WARN_INFINITE_RECURSION = YES;
				CLANG_WARN_INT_CONVERSION = YES;
				CLANG_WARN_NON_LITERAL_NULL_CONVERSION = YES;
				CLANG_WARN_OBJC_IMPLICIT_RETAIN_SELF = YES;
				CLANG_WARN_OBJC_LITERAL_CONVERSION = YES;
				CLANG_WARN_OBJC_ROOT_CLASS = YES_ERROR;
				CLANG_WARN_QUOTED_INCLUDE_IN_FRAMEWORK_HEADER = YES;
				CLANG_WARN_RANGE_LOOP_ANALYSIS = YES;
				CLANG_WARN_STRICT_PROTOTYPES = YES;
				CLANG_WARN_SUSPICIOUS_MOVE = YES;
				CLANG_WARN_UNGUARDED_AVAILABILITY = YES_AGGRESSIVE;
				CLANG_WARN_UNREACHABLE_CODE = YES;
				CLANG_WARN__DUPLICATE_METHOD_MATCH = YES;
				COPY_PHASE_STRIP = NO;
				DEBUG_INFORMATION_FORMAT = dwarf;
				ENABLE_STRICT_OBJC_MSGSEND = YES;
				ENABLE_TESTABILITY = YES;
				GCC_C_LANGUAGE_STANDARD = gnu11;
				GCC_DYNAMIC_NO_PIC = NO;
				GCC_NO_COMMON_BLOCKS = YES;
				GCC_OPTIMIZATION_LEVEL = 0;
				GCC_PREPROCESSOR_DEFINITIONS = (
					"DEBUG=1",
					"$(inherited)",
				);
				GCC_WARN_64_TO_32_BIT_CONVERSION = YES;
				GCC_WARN_ABOUT_RETURN_TYPE = YES_ERROR;
				GCC_WARN_UNDECLARED_SELECTOR = YES;
				GCC_WARN_UNINITIALIZED_AUTOS = YES_AGGRESSIVE;
				GCC_WARN_UNUSED_FUNCTION = YES;
				GCC_WARN_UNUSED_VARIABLE = YES;
				IPHONEOS_DEPLOYMENT_TARGET = 14.5;
				MTL_ENABLE_DEBUG_INFO = INCLUDE_SOURCE;
				MTL_FAST_MATH = YES;
				ONLY_ACTIVE_ARCH = YES;
				SDKROOT = iphoneos;
				SWIFT_ACTIVE_COMPILATION_CONDITIONS = DEBUG;
				SWIFT_OPTIMIZATION_LEVEL = "-Onone";
			};
			name = Debug;
		};
		CD7C285626BCA09B0073AED0 /* Release */ = {
			isa = XCBuildConfiguration;
			buildSettings = {
				ALWAYS_SEARCH_USER_PATHS = NO;
				CLANG_ANALYZER_NONNULL = YES;
				CLANG_ANALYZER_NUMBER_OBJECT_CONVERSION = YES_AGGRESSIVE;
				CLANG_CXX_LANGUAGE_STANDARD = "gnu++14";
				CLANG_CXX_LIBRARY = "libc++";
				CLANG_ENABLE_MODULES = YES;
				CLANG_ENABLE_OBJC_ARC = YES;
				CLANG_ENABLE_OBJC_WEAK = YES;
				CLANG_WARN_BLOCK_CAPTURE_AUTORELEASING = YES;
				CLANG_WARN_BOOL_CONVERSION = YES;
				CLANG_WARN_COMMA = YES;
				CLANG_WARN_CONSTANT_CONVERSION = YES;
				CLANG_WARN_DEPRECATED_OBJC_IMPLEMENTATIONS = YES;
				CLANG_WARN_DIRECT_OBJC_ISA_USAGE = YES_ERROR;
				CLANG_WARN_DOCUMENTATION_COMMENTS = YES;
				CLANG_WARN_EMPTY_BODY = YES;
				CLANG_WARN_ENUM_CONVERSION = YES;
				CLANG_WARN_INFINITE_RECURSION = YES;
				CLANG_WARN_INT_CONVERSION = YES;
				CLANG_WARN_NON_LITERAL_NULL_CONVERSION = YES;
				CLANG_WARN_OBJC_IMPLICIT_RETAIN_SELF = YES;
				CLANG_WARN_OBJC_LITERAL_CONVERSION = YES;
				CLANG_WARN_OBJC_ROOT_CLASS = YES_ERROR;
				CLANG_WARN_QUOTED_INCLUDE_IN_FRAMEWORK_HEADER = YES;
				CLANG_WARN_RANGE_LOOP_ANALYSIS = YES;
				CLANG_WARN_STRICT_PROTOTYPES = YES;
				CLANG_WARN_SUSPICIOUS_MOVE = YES;
				CLANG_WARN_UNGUARDED_AVAILABILITY = YES_AGGRESSIVE;
				CLANG_WARN_UNREACHABLE_CODE = YES;
				CLANG_WARN__DUPLICATE_METHOD_MATCH = YES;
				COPY_PHASE_STRIP = NO;
				DEBUG_INFORMATION_FORMAT = "dwarf-with-dsym";
				ENABLE_NS_ASSERTIONS = NO;
				ENABLE_STRICT_OBJC_MSGSEND = YES;
				GCC_C_LANGUAGE_STANDARD = gnu11;
				GCC_NO_COMMON_BLOCKS = YES;
				GCC_WARN_64_TO_32_BIT_CONVERSION = YES;
				GCC_WARN_ABOUT_RETURN_TYPE = YES_ERROR;
				GCC_WARN_UNDECLARED_SELECTOR = YES;
				GCC_WARN_UNINITIALIZED_AUTOS = YES_AGGRESSIVE;
				GCC_WARN_UNUSED_FUNCTION = YES;
				GCC_WARN_UNUSED_VARIABLE = YES;
				IPHONEOS_DEPLOYMENT_TARGET = 14.5;
				MTL_ENABLE_DEBUG_INFO = NO;
				MTL_FAST_MATH = YES;
				SDKROOT = iphoneos;
				SWIFT_COMPILATION_MODE = wholemodule;
				SWIFT_OPTIMIZATION_LEVEL = "-O";
				VALIDATE_PRODUCT = YES;
			};
			name = Release;
		};
		CD7C285826BCA09B0073AED0 /* Debug */ = {
			isa = XCBuildConfiguration;
			buildSettings = {
				ASSETCATALOG_COMPILER_APPICON_NAME = AppIcon;
				ASSETCATALOG_COMPILER_GLOBAL_ACCENT_COLOR_NAME = AccentColor;
				CODE_SIGN_STYLE = Automatic;
				DEVELOPMENT_TEAM = FU672DQG5H;
				INFOPLIST_FILE = ClassOf2023/Info.plist;
				LD_RUNPATH_SEARCH_PATHS = (
					"$(inherited)",
					"@executable_path/Frameworks",
				);
				PRODUCT_BUNDLE_IDENTIFIER = hotchkiss.ClassOf2023;
				PRODUCT_NAME = "$(TARGET_NAME)";
				SWIFT_VERSION = 5.0;
				TARGETED_DEVICE_FAMILY = "1,2";
			};
			name = Debug;
		};
		CD7C285926BCA09B0073AED0 /* Release */ = {
			isa = XCBuildConfiguration;
			buildSettings = {
				ASSETCATALOG_COMPILER_APPICON_NAME = AppIcon;
				ASSETCATALOG_COMPILER_GLOBAL_ACCENT_COLOR_NAME = AccentColor;
				CODE_SIGN_STYLE = Automatic;
				DEVELOPMENT_TEAM = FU672DQG5H;
				INFOPLIST_FILE = ClassOf2023/Info.plist;
				LD_RUNPATH_SEARCH_PATHS = (
					"$(inherited)",
					"@executable_path/Frameworks",
				);
				PRODUCT_BUNDLE_IDENTIFIER = hotchkiss.ClassOf2023;
				PRODUCT_NAME = "$(TARGET_NAME)";
				SWIFT_VERSION = 5.0;
				TARGETED_DEVICE_FAMILY = "1,2";
			};
			name = Release;
		};
/* End XCBuildConfiguration section */

/* Begin XCConfigurationList section */
		CD7C283E26BCA09A0073AED0 /* Build configuration list for PBXProject "ClassOf2023" */ = {
			isa = XCConfigurationList;
			buildConfigurations = (
				CD7C285526BCA09B0073AED0 /* Debug */,
				CD7C285626BCA09B0073AED0 /* Release */,
			);
			defaultConfigurationIsVisible = 0;
			defaultConfigurationName = Release;
		};
		CD7C285726BCA09B0073AED0 /* Build configuration list for PBXNativeTarget "ClassOf2023" */ = {
			isa = XCConfigurationList;
			buildConfigurations = (
				CD7C285826BCA09B0073AED0 /* Debug */,
				CD7C285926BCA09B0073AED0 /* Release */,
			);
			defaultConfigurationIsVisible = 0;
			defaultConfigurationName = Release;
		};
/* End XCConfigurationList section */
	};
	rootObject = CD7C283B26BCA09A0073AED0 /* Project object */;
}
